
Microsoft Visual Studio Solution File, Format Version 12.00
# Visual Studio Version 16
VisualStudioVersion = 16.0.29613.14
MinimumVisualStudioVersion = 10.0.40219.1
Project("{8BC9CEB8-8B4A-11D0-8D11-00A0C91BC942}") = "SourceBuilder", "SourceBuilder\SourceBuilder.vcxproj", "{E8079E66-62FC-4E3C-A2A0-75E66968F8D6}"
EndProject
Global
	GlobalSection(SolutionConfigurationPlatforms) = preSolution
		Debug|x64 = Debug|x64
		Release|x64 = Release|x64
	EndGlobalSection
	GlobalSection(ProjectConfigurationPlatforms) = postSolution
		{E8079E66-62FC-4E3C-A2A0-75E66968F8D6}.Debug|x64.ActiveCfg = Debug|x64
		{E8079E66-62FC-4E3C-A2A0-75E66968F8D6}.Debug|x64.Build.0 = Debug|x64
		{E8079E66-62FC-4E3C-A2A0-75E66968F8D6}.Release|x64.ActiveCfg = Release|x64
		{E8079E66-62FC-4E3C-A2A0-75E66968F8D6}.Release|x64.Build.0 = Release|x64
	EndGlobalSection
	GlobalSection(SolutionProperties) = preSolution
		HideSolutionNode = FALSE
	EndGlobalSection
	GlobalSection(ExtensibilityGlobals) = postSolution
		SolutionGuid = {54BA174C-A999-4B58-9BD1-AF0B8B433F6D}
	EndGlobalSection
EndGlobal
